// !$*UTF8*$!
{
	archiveVersion = 1;
	classes = {
	};
	objectVersion = 55;
	objects = {

/* Begin PBXBuildFile section */
		4BFF74F228156A3C00C8D8F3 /* AppDelegate.swift in Sources */ = {isa = PBXBuildFile; fileRef = 4BFF74F128156A3C00C8D8F3 /* AppDelegate.swift */; };
		4BFF74F628156A3C00C8D8F3 /* ViewController.swift in Sources */ = {isa = PBXBuildFile; fileRef = 4BFF74F528156A3C00C8D8F3 /* ViewController.swift */; };
		4BFF74FB28156A3F00C8D8F3 /* Assets.xcassets in Resources */ = {isa = PBXBuildFile; fileRef = 4BFF74FA28156A3F00C8D8F3 /* Assets.xcassets */; };
		4BFF74FE28156A3F00C8D8F3 /* LaunchScreen.storyboard in Resources */ = {isa = PBXBuildFile; fileRef = 4BFF74FC28156A3F00C8D8F3 /* LaunchScreen.storyboard */; };
		4BFF750728156A7400C8D8F3 /* SnapKit in Frameworks */ = {isa = PBXBuildFile; productRef = 4BFF750628156A7400C8D8F3 /* SnapKit */; };
		4BFF750928156B6000C8D8F3 /* HeaderPictureView.swift in Sources */ = {isa = PBXBuildFile; fileRef = 4BFF750828156B6000C8D8F3 /* HeaderPictureView.swift */; };
		4BFF750B281570F600C8D8F3 /* RatingView.swift in Sources */ = {isa = PBXBuildFile; fileRef = 4BFF750A281570F600C8D8F3 /* RatingView.swift */; };
		4BFF750E281571A700C8D8F3 /* Mulish-SemiBold.ttf in Resources */ = {isa = PBXBuildFile; fileRef = 4BFF750D281571A700C8D8F3 /* Mulish-SemiBold.ttf */; };
		4BFF75102815797100C8D8F3 /* DishView.swift in Sources */ = {isa = PBXBuildFile; fileRef = 4BFF750F2815797100C8D8F3 /* DishView.swift */; };
		4BFF751228157B6600C8D8F3 /* Mulish-Bold.ttf in Resources */ = {isa = PBXBuildFile; fileRef = 4BFF751128157B6600C8D8F3 /* Mulish-Bold.ttf */; };
		4BFF751428157C5900C8D8F3 /* Mulish-Regular.ttf in Resources */ = {isa = PBXBuildFile; fileRef = 4BFF751328157C5900C8D8F3 /* Mulish-Regular.ttf */; };
		4BFF751628157FD500C8D8F3 /* PriceView.swift in Sources */ = {isa = PBXBuildFile; fileRef = 4BFF751528157FD500C8D8F3 /* PriceView.swift */; };
		4BFF75182815828700C8D8F3 /* Mulish-ExtraBoldItalic.ttf in Resources */ = {isa = PBXBuildFile; fileRef = 4BFF75172815828700C8D8F3 /* Mulish-ExtraBoldItalic.ttf */; };
		4BFF751A281582A600C8D8F3 /* Mulish-ExtraBold.ttf in Resources */ = {isa = PBXBuildFile; fileRef = 4BFF7519281582A600C8D8F3 /* Mulish-ExtraBold.ttf */; };
		4BFF751C2815833F00C8D8F3 /* TextView.swift in Sources */ = {isa = PBXBuildFile; fileRef = 4BFF751B2815833F00C8D8F3 /* TextView.swift */; };
		4BFF751E281583BB00C8D8F3 /* Mulish-Medium.ttf in Resources */ = {isa = PBXBuildFile; fileRef = 4BFF751D281583BB00C8D8F3 /* Mulish-Medium.ttf */; };
		4BFF75202815868500C8D8F3 /* ProductWeightView.swift in Sources */ = {isa = PBXBuildFile; fileRef = 4BFF751F2815868500C8D8F3 /* ProductWeightView.swift */; };
		4BFF7522281593A000C8D8F3 /* IngredientCollectionViewCell.swift in Sources */ = {isa = PBXBuildFile; fileRef = 4BFF7521281593A000C8D8F3 /* IngredientCollectionViewCell.swift */; };
		4BFF75242815AEA600C8D8F3 /* ToppingsTableViewCell.swift in Sources */ = {isa = PBXBuildFile; fileRef = 4BFF75232815AEA600C8D8F3 /* ToppingsTableViewCell.swift */; };
/* End PBXBuildFile section */

/* Begin PBXFileReference section */
		4BFF74EE28156A3C00C8D8F3 /* Homework_4.app */ = {isa = PBXFileReference; explicitFileType = wrapper.application; includeInIndex = 0; path = Homework_4.app; sourceTree = BUILT_PRODUCTS_DIR; };
		4BFF74F128156A3C00C8D8F3 /* AppDelegate.swift */ = {isa = PBXFileReference; lastKnownFileType = sourcecode.swift; path = AppDelegate.swift; sourceTree = "<group>"; };
		4BFF74F528156A3C00C8D8F3 /* ViewController.swift */ = {isa = PBXFileReference; lastKnownFileType = sourcecode.swift; path = ViewController.swift; sourceTree = "<group>"; };
		4BFF74FA28156A3F00C8D8F3 /* Assets.xcassets */ = {isa = PBXFileReference; lastKnownFileType = folder.assetcatalog; path = Assets.xcassets; sourceTree = "<group>"; };
		4BFF74FD28156A3F00C8D8F3 /* Base */ = {isa = PBXFileReference; lastKnownFileType = file.storyboard; name = Base; path = Base.lproj/LaunchScreen.storyboard; sourceTree = "<group>"; };
		4BFF74FF28156A3F00C8D8F3 /* Info.plist */ = {isa = PBXFileReference; lastKnownFileType = text.plist.xml; path = Info.plist; sourceTree = "<group>"; };
		4BFF750828156B6000C8D8F3 /* HeaderPictureView.swift */ = {isa = PBXFileReference; lastKnownFileType = sourcecode.swift; path = HeaderPictureView.swift; sourceTree = "<group>"; };
		4BFF750A281570F600C8D8F3 /* RatingView.swift */ = {isa = PBXFileReference; lastKnownFileType = sourcecode.swift; path = RatingView.swift; sourceTree = "<group>"; };
		4BFF750D281571A700C8D8F3 /* Mulish-SemiBold.ttf */ = {isa = PBXFileReference; lastKnownFileType = file; path = "Mulish-SemiBold.ttf"; sourceTree = "<group>"; };
		4BFF750F2815797100C8D8F3 /* DishView.swift */ = {isa = PBXFileReference; lastKnownFileType = sourcecode.swift; path = DishView.swift; sourceTree = "<group>"; };
		4BFF751128157B6600C8D8F3 /* Mulish-Bold.ttf */ = {isa = PBXFileReference; lastKnownFileType = file; path = "Mulish-Bold.ttf"; sourceTree = "<group>"; };
		4BFF751328157C5900C8D8F3 /* Mulish-Regular.ttf */ = {isa = PBXFileReference; lastKnownFileType = file; path = "Mulish-Regular.ttf"; sourceTree = "<group>"; };
		4BFF751528157FD500C8D8F3 /* PriceView.swift */ = {isa = PBXFileReference; lastKnownFileType = sourcecode.swift; path = PriceView.swift; sourceTree = "<group>"; };
		4BFF75172815828700C8D8F3 /* Mulish-ExtraBoldItalic.ttf */ = {isa = PBXFileReference; lastKnownFileType = file; path = "Mulish-ExtraBoldItalic.ttf"; sourceTree = "<group>"; };
		4BFF7519281582A600C8D8F3 /* Mulish-ExtraBold.ttf */ = {isa = PBXFileReference; lastKnownFileType = file; path = "Mulish-ExtraBold.ttf"; sourceTree = "<group>"; };
		4BFF751B2815833F00C8D8F3 /* TextView.swift */ = {isa = PBXFileReference; lastKnownFileType = sourcecode.swift; path = TextView.swift; sourceTree = "<group>"; };
		4BFF751D281583BB00C8D8F3 /* Mulish-Medium.ttf */ = {isa = PBXFileReference; lastKnownFileType = file; path = "Mulish-Medium.ttf"; sourceTree = "<group>"; };
		4BFF751F2815868500C8D8F3 /* ProductWeightView.swift */ = {isa = PBXFileReference; lastKnownFileType = sourcecode.swift; path = ProductWeightView.swift; sourceTree = "<group>"; };
		4BFF7521281593A000C8D8F3 /* IngredientCollectionViewCell.swift */ = {isa = PBXFileReference; lastKnownFileType = sourcecode.swift; path = IngredientCollectionViewCell.swift; sourceTree = "<group>"; };
		4BFF75232815AEA600C8D8F3 /* ToppingsTableViewCell.swift */ = {isa = PBXFileReference; lastKnownFileType = sourcecode.swift; path = ToppingsTableViewCell.swift; sourceTree = "<group>"; };
/* End PBXFileReference section */

/* Begin PBXFrameworksBuildPhase section */
		4BFF74EB28156A3C00C8D8F3 /* Frameworks */ = {
			isa = PBXFrameworksBuildPhase;
			buildActionMask = 2147483647;
			files = (
				4BFF750728156A7400C8D8F3 /* SnapKit in Frameworks */,
			);
			runOnlyForDeploymentPostprocessing = 0;
		};
/* End PBXFrameworksBuildPhase section */

/* Begin PBXGroup section */
		4BFF74E528156A3C00C8D8F3 = {
			isa = PBXGroup;
			children = (
				4BFF74F028156A3C00C8D8F3 /* Homework_4 */,
				4BFF74EF28156A3C00C8D8F3 /* Products */,
			);
			sourceTree = "<group>";
		};
		4BFF74EF28156A3C00C8D8F3 /* Products */ = {
			isa = PBXGroup;
			children = (
				4BFF74EE28156A3C00C8D8F3 /* Homework_4.app */,
			);
			name = Products;
			sourceTree = "<group>";
		};
		4BFF74F028156A3C00C8D8F3 /* Homework_4 */ = {
			isa = PBXGroup;
			children = (
				4BFF750C2815718600C8D8F3 /* fonts */,
				4BFF74F128156A3C00C8D8F3 /* AppDelegate.swift */,
				4BFF74F528156A3C00C8D8F3 /* ViewController.swift */,
				4BFF74FA28156A3F00C8D8F3 /* Assets.xcassets */,
				4BFF74FC28156A3F00C8D8F3 /* LaunchScreen.storyboard */,
				4BFF74FF28156A3F00C8D8F3 /* Info.plist */,
				4BFF750828156B6000C8D8F3 /* HeaderPictureView.swift */,
				4BFF750A281570F600C8D8F3 /* RatingView.swift */,
				4BFF750F2815797100C8D8F3 /* DishView.swift */,
				4BFF751528157FD500C8D8F3 /* PriceView.swift */,
				4BFF751B2815833F00C8D8F3 /* TextView.swift */,
				4BFF751F2815868500C8D8F3 /* ProductWeightView.swift */,
				4BFF7521281593A000C8D8F3 /* IngredientCollectionViewCell.swift */,
				4BFF75232815AEA600C8D8F3 /* ToppingsTableViewCell.swift */,
			);
			path = Homework_4;
			sourceTree = "<group>";
		};
		4BFF750C2815718600C8D8F3 /* fonts */ = {
			isa = PBXGroup;
			children = (
				4BFF751D281583BB00C8D8F3 /* Mulish-Medium.ttf */,
				4BFF7519281582A600C8D8F3 /* Mulish-ExtraBold.ttf */,
				4BFF75172815828700C8D8F3 /* Mulish-ExtraBoldItalic.ttf */,
				4BFF751328157C5900C8D8F3 /* Mulish-Regular.ttf */,
				4BFF751128157B6600C8D8F3 /* Mulish-Bold.ttf */,
				4BFF750D281571A700C8D8F3 /* Mulish-SemiBold.ttf */,
			);
			path = fonts;
			sourceTree = "<group>";
		};
/* End PBXGroup section */

/* Begin PBXNativeTarget section */
		4BFF74ED28156A3C00C8D8F3 /* Homework_4 */ = {
			isa = PBXNativeTarget;
			buildConfigurationList = 4BFF750228156A3F00C8D8F3 /* Build configuration list for PBXNativeTarget "Homework_4" */;
			buildPhases = (
				4BFF74EA28156A3C00C8D8F3 /* Sources */,
				4BFF74EB28156A3C00C8D8F3 /* Frameworks */,
				4BFF74EC28156A3C00C8D8F3 /* Resources */,
			);
			buildRules = (
			);
			dependencies = (
			);
			name = Homework_4;
			packageProductDependencies = (
				4BFF750628156A7400C8D8F3 /* SnapKit */,
			);
			productName = Homework_4;
			productReference = 4BFF74EE28156A3C00C8D8F3 /* Homework_4.app */;
			productType = "com.apple.product-type.application";
		};
/* End PBXNativeTarget section */

/* Begin PBXProject section */
		4BFF74E628156A3C00C8D8F3 /* Project object */ = {
			isa = PBXProject;
			attributes = {
				BuildIndependentTargetsInParallel = 1;
				LastSwiftUpdateCheck = 1330;
				LastUpgradeCheck = 1330;
				TargetAttributes = {
					4BFF74ED28156A3C00C8D8F3 = {
						CreatedOnToolsVersion = 13.3;
					};
				};
			};
			buildConfigurationList = 4BFF74E928156A3C00C8D8F3 /* Build configuration list for PBXProject "Homework_4" */;
			compatibilityVersion = "Xcode 13.0";
			developmentRegion = en;
			hasScannedForEncodings = 0;
			knownRegions = (
				en,
				Base,
			);
			mainGroup = 4BFF74E528156A3C00C8D8F3;
			packageReferences = (
				4BFF750528156A7400C8D8F3 /* XCRemoteSwiftPackageReference "SnapKit" */,
			);
			productRefGroup = 4BFF74EF28156A3C00C8D8F3 /* Products */;
			projectDirPath = "";
			projectRoot = "";
			targets = (
				4BFF74ED28156A3C00C8D8F3 /* Homework_4 */,
			);
		};
/* End PBXProject section */

/* Begin PBXResourcesBuildPhase section */
		4BFF74EC28156A3C00C8D8F3 /* Resources */ = {
			isa = PBXResourcesBuildPhase;
			buildActionMask = 2147483647;
			files = (
				4BFF750E281571A700C8D8F3 /* Mulish-SemiBold.ttf in Resources */,
				4BFF74FE28156A3F00C8D8F3 /* LaunchScreen.storyboard in Resources */,
				4BFF75182815828700C8D8F3 /* Mulish-ExtraBoldItalic.ttf in Resources */,
				4BFF74FB28156A3F00C8D8F3 /* Assets.xcassets in Resources */,
				4BFF751228157B6600C8D8F3 /* Mulish-Bold.ttf in Resources */,
				4BFF751E281583BB00C8D8F3 /* Mulish-Medium.ttf in Resources */,
				4BFF751428157C5900C8D8F3 /* Mulish-Regular.ttf in Resources */,
				4BFF751A281582A600C8D8F3 /* Mulish-ExtraBold.ttf in Resources */,
			);
			runOnlyForDeploymentPostprocessing = 0;
		};
/* End PBXResourcesBuildPhase section */

/* Begin PBXSourcesBuildPhase section */
		4BFF74EA28156A3C00C8D8F3 /* Sources */ = {
			isa = PBXSourcesBuildPhase;
			buildActionMask = 2147483647;
			files = (
				4BFF74F628156A3C00C8D8F3 /* ViewController.swift in Sources */,
				4BFF75102815797100C8D8F3 /* DishView.swift in Sources */,
				4BFF751628157FD500C8D8F3 /* PriceView.swift in Sources */,
				4BFF75242815AEA600C8D8F3 /* ToppingsTableViewCell.swift in Sources */,
				4BFF751C2815833F00C8D8F3 /* TextView.swift in Sources */,
				4BFF74F228156A3C00C8D8F3 /* AppDelegate.swift in Sources */,
				4BFF750928156B6000C8D8F3 /* HeaderPictureView.swift in Sources */,
				4BFF7522281593A000C8D8F3 /* IngredientCollectionViewCell.swift in Sources */,
				4BFF75202815868500C8D8F3 /* ProductWeightView.swift in Sources */,
				4BFF750B281570F600C8D8F3 /* RatingView.swift in Sources */,
			);
			runOnlyForDeploymentPostprocessing = 0;
		};
/* End PBXSourcesBuildPhase section */

/* Begin PBXVariantGroup section */
		4BFF74FC28156A3F00C8D8F3 /* LaunchScreen.storyboard */ = {
			isa = PBXVariantGroup;
			children = (
				4BFF74FD28156A3F00C8D8F3 /* Base */,
			);
			name = LaunchScreen.storyboard;
			sourceTree = "<group>";
		};
/* End PBXVariantGroup section */

/* Begin XCBuildConfiguration section */
		4BFF750028156A3F00C8D8F3 /* Debug */ = {
			isa = XCBuildConfiguration;
			buildSettings = {
				ALWAYS_SEARCH_USER_PATHS = NO;
				CLANG_ANALYZER_NONNULL = YES;
				CLANG_ANALYZER_NUMBER_OBJECT_CONVERSION = YES_AGGRESSIVE;
				CLANG_CXX_LANGUAGE_STANDARD = "gnu++17";
				CLANG_ENABLE_MODULES = YES;
				CLANG_ENABLE_OBJC_ARC = YES;
				CLANG_ENABLE_OBJC_WEAK = YES;
				CLANG_WARN_BLOCK_CAPTURE_AUTORELEASING = YES;
				CLANG_WARN_BOOL_CONVERSION = YES;
				CLANG_WARN_COMMA = YES;
				CLANG_WARN_CONSTANT_CONVERSION = YES;
				CLANG_WARN_DEPRECATED_OBJC_IMPLEMENTATIONS = YES;
				CLANG_WARN_DIRECT_OBJC_ISA_USAGE = YES_ERROR;
				CLANG_WARN_DOCUMENTATION_COMMENTS = YES;
				CLANG_WARN_EMPTY_BODY = YES;
				CLANG_WARN_ENUM_CONVERSION = YES;
				CLANG_WARN_INFINITE_RECURSION = YES;
				CLANG_WARN_INT_CONVERSION = YES;
				CLANG_WARN_NON_LITERAL_NULL_CONVERSION = YES;
				CLANG_WARN_OBJC_IMPLICIT_RETAIN_SELF = YES;
				CLANG_WARN_OBJC_LITERAL_CONVERSION = YES;
				CLANG_WARN_OBJC_ROOT_CLASS = YES_ERROR;
				CLANG_WARN_QUOTED_INCLUDE_IN_FRAMEWORK_HEADER = YES;
				CLANG_WARN_RANGE_LOOP_ANALYSIS = YES;
				CLANG_WARN_STRICT_PROTOTYPES = YES;
				CLANG_WARN_SUSPICIOUS_MOVE = YES;
				CLANG_WARN_UNGUARDED_AVAILABILITY = YES_AGGRESSIVE;
				CLANG_WARN_UNREACHABLE_CODE = YES;
				CLANG_WARN__DUPLICATE_METHOD_MATCH = YES;
				COPY_PHASE_STRIP = NO;
				DEBUG_INFORMATION_FORMAT = dwarf;
				ENABLE_STRICT_OBJC_MSGSEND = YES;
				ENABLE_TESTABILITY = YES;
				GCC_C_LANGUAGE_STANDARD = gnu11;
				GCC_DYNAMIC_NO_PIC = NO;
				GCC_NO_COMMON_BLOCKS = YES;
				GCC_OPTIMIZATION_LEVEL = 0;
				GCC_PREPROCESSOR_DEFINITIONS = (
					"DEBUG=1",
					"$(inherited)",
				);
				GCC_WARN_64_TO_32_BIT_CONVERSION = YES;
				GCC_WARN_ABOUT_RETURN_TYPE = YES_ERROR;
				GCC_WARN_UNDECLARED_SELECTOR = YES;
				GCC_WARN_UNINITIALIZED_AUTOS = YES_AGGRESSIVE;
				GCC_WARN_UNUSED_FUNCTION = YES;
				GCC_WARN_UNUSED_VARIABLE = YES;
				IPHONEOS_DEPLOYMENT_TARGET = 15.4;
				MTL_ENABLE_DEBUG_INFO = INCLUDE_SOURCE;
				MTL_FAST_MATH = YES;
				ONLY_ACTIVE_ARCH = YES;
				SDKROOT = iphoneos;
				SWIFT_ACTIVE_COMPILATION_CONDITIONS = DEBUG;
				SWIFT_OPTIMIZATION_LEVEL = "-Onone";
			};
			name = Debug;
		};
		4BFF750128156A3F00C8D8F3 /* Release */ = {
			isa = XCBuildConfiguration;
			buildSettings = {
				ALWAYS_SEARCH_USER_PATHS = NO;
				CLANG_ANALYZER_NONNULL = YES;
				CLANG_ANALYZER_NUMBER_OBJECT_CONVERSION = YES_AGGRESSIVE;
				CLANG_CXX_LANGUAGE_STANDARD = "gnu++17";
				CLANG_ENABLE_MODULES = YES;
				CLANG_ENABLE_OBJC_ARC = YES;
				CLANG_ENABLE_OBJC_WEAK = YES;
				CLANG_WARN_BLOCK_CAPTURE_AUTORELEASING = YES;
				CLANG_WARN_BOOL_CONVERSION = YES;
				CLANG_WARN_COMMA = YES;
				CLANG_WARN_CONSTANT_CONVERSION = YES;
				CLANG_WARN_DEPRECATED_OBJC_IMPLEMENTATIONS = YES;
				CLANG_WARN_DIRECT_OBJC_ISA_USAGE = YES_ERROR;
				CLANG_WARN_DOCUMENTATION_COMMENTS = YES;
				CLANG_WARN_EMPTY_BODY = YES;
				CLANG_WARN_ENUM_CONVERSION = YES;
				CLANG_WARN_INFINITE_RECURSION = YES;
				CLANG_WARN_INT_CONVERSION = YES;
				CLANG_WARN_NON_LITERAL_NULL_CONVERSION = YES;
				CLANG_WARN_OBJC_IMPLICIT_RETAIN_SELF = YES;
				CLANG_WARN_OBJC_LITERAL_CONVERSION = YES;
				CLANG_WARN_OBJC_ROOT_CLASS = YES_ERROR;
				CLANG_WARN_QUOTED_INCLUDE_IN_FRAMEWORK_HEADER = YES;
				CLANG_WARN_RANGE_LOOP_ANALYSIS = YES;
				CLANG_WARN_STRICT_PROTOTYPES = YES;
				CLANG_WARN_SUSPICIOUS_MOVE = YES;
				CLANG_WARN_UNGUARDED_AVAILABILITY = YES_AGGRESSIVE;
				CLANG_WARN_UNREACHABLE_CODE = YES;
				CLANG_WARN__DUPLICATE_METHOD_MATCH = YES;
				COPY_PHASE_STRIP = NO;
				DEBUG_INFORMATION_FORMAT = "dwarf-with-dsym";
				ENABLE_NS_ASSERTIONS = NO;
				ENABLE_STRICT_OBJC_MSGSEND = YES;
				GCC_C_LANGUAGE_STANDARD = gnu11;
				GCC_NO_COMMON_BLOCKS = YES;
				GCC_WARN_64_TO_32_BIT_CONVERSION = YES;
				GCC_WARN_ABOUT_RETURN_TYPE = YES_ERROR;
				GCC_WARN_UNDECLARED_SELECTOR = YES;
				GCC_WARN_UNINITIALIZED_AUTOS = YES_AGGRESSIVE;
				GCC_WARN_UNUSED_FUNCTION = YES;
				GCC_WARN_UNUSED_VARIABLE = YES;
				IPHONEOS_DEPLOYMENT_TARGET = 15.4;
				MTL_ENABLE_DEBUG_INFO = NO;
				MTL_FAST_MATH = YES;
				SDKROOT = iphoneos;
				SWIFT_COMPILATION_MODE = wholemodule;
				SWIFT_OPTIMIZATION_LEVEL = "-O";
				VALIDATE_PRODUCT = YES;
			};
			name = Release;
		};
		4BFF750328156A3F00C8D8F3 /* Debug */ = {
			isa = XCBuildConfiguration;
			buildSettings = {
				ASSETCATALOG_COMPILER_APPICON_NAME = AppIcon;
				ASSETCATALOG_COMPILER_GLOBAL_ACCENT_COLOR_NAME = AccentColor;
				CODE_SIGN_STYLE = Automatic;
				CURRENT_PROJECT_VERSION = 1;
				DEVELOPMENT_TEAM = XKVWQB6CWU;
				GENERATE_INFOPLIST_FILE = YES;
				INFOPLIST_FILE = Homework_4/Info.plist;
				INFOPLIST_KEY_UIApplicationSupportsIndirectInputEvents = YES;
				INFOPLIST_KEY_UILaunchStoryboardName = LaunchScreen;
				INFOPLIST_KEY_UISupportedInterfaceOrientations = UIInterfaceOrientationPortrait;
				INFOPLIST_KEY_UISupportedInterfaceOrientations_iPad = "UIInterfaceOrientationPortrait UIInterfaceOrientationPortraitUpsideDown UIInterfaceOrientationLandscapeLeft UIInterfaceOrientationLandscapeRight";
				INFOPLIST_KEY_UISupportedInterfaceOrientations_iPhone = "UIInterfaceOrientationPortrait UIInterfaceOrientationLandscapeLeft UIInterfaceOrientationLandscapeRight";
				LD_RUNPATH_SEARCH_PATHS = (
					"$(inherited)",
					"@executable_path/Frameworks",
				);
				MARKETING_VERSION = 1.0;
				PRODUCT_BUNDLE_IDENTIFIER = "com.ismayilismayilov.Homework-4";
				PRODUCT_NAME = "$(TARGET_NAME)";
				SWIFT_EMIT_LOC_STRINGS = YES;
				SWIFT_VERSION = 5.0;
				TARGETED_DEVICE_FAMILY = 1;
			};
			name = Debug;
		};
		4BFF750428156A3F00C8D8F3 /* Release */ = {
			isa = XCBuildConfiguration;
			buildSettings = {
				ASSETCATALOG_COMPILER_APPICON_NAME = AppIcon;
				ASSETCATALOG_COMPILER_GLOBAL_ACCENT_COLOR_NAME = AccentColor;
				CODE_SIGN_STYLE = Automatic;
				CURRENT_PROJECT_VERSION = 1;
				DEVELOPMENT_TEAM = XKVWQB6CWU;
				GENERATE_INFOPLIST_FILE = YES;
				INFOPLIST_FILE = Homework_4/Info.plist;
				INFOPLIST_KEY_UIApplicationSupportsIndirectInputEvents = YES;
				INFOPLIST_KEY_UILaunchStoryboardName = LaunchScreen;
				INFOPLIST_KEY_UISupportedInterfaceOrientations = UIInterfaceOrientationPortrait;
				INFOPLIST_KEY_UISupportedInterfaceOrientations_iPad = "UIInterfaceOrientationPortrait UIInterfaceOrientationPortraitUpsideDown UIInterfaceOrientationLandscapeLeft UIInterfaceOrientationLandscapeRight";
				INFOPLIST_KEY_UISupportedInterfaceOrientations_iPhone = "UIInterfaceOrientationPortrait UIInterfaceOrientationLandscapeLeft UIInterfaceOrientationLandscapeRight";
				LD_RUNPATH_SEARCH_PATHS = (
					"$(inherited)",
					"@executable_path/Frameworks",
				);
				MARKETING_VERSION = 1.0;
				PRODUCT_BUNDLE_IDENTIFIER = "com.ismayilismayilov.Homework-4";
				PRODUCT_NAME = "$(TARGET_NAME)";
				SWIFT_EMIT_LOC_STRINGS = YES;
				SWIFT_VERSION = 5.0;
				TARGETED_DEVICE_FAMILY = 1;
			};
			name = Release;
		};
/* End XCBuildConfiguration section */

/* Begin XCConfigurationList section */
		4BFF74E928156A3C00C8D8F3 /* Build configuration list for PBXProject "Homework_4" */ = {
			isa = XCConfigurationList;
			buildConfigurations = (
				4BFF750028156A3F00C8D8F3 /* Debug */,
				4BFF750128156A3F00C8D8F3 /* Release */,
			);
			defaultConfigurationIsVisible = 0;
			defaultConfigurationName = Release;
		};
		4BFF750228156A3F00C8D8F3 /* Build configuration list for PBXNativeTarget "Homework_4" */ = {
			isa = XCConfigurationList;
			buildConfigurations = (
				4BFF750328156A3F00C8D8F3 /* Debug */,
				4BFF750428156A3F00C8D8F3 /* Release */,
			);
			defaultConfigurationIsVisible = 0;
			defaultConfigurationName = Release;
		};
/* End XCConfigurationList section */

/* Begin XCRemoteSwiftPackageReference section */
		4BFF750528156A7400C8D8F3 /* XCRemoteSwiftPackageReference "SnapKit" */ = {
			isa = XCRemoteSwiftPackageReference;
			repositoryURL = "https://github.com/SnapKit/SnapKit.git";
			requirement = {
				branch = develop;
				kind = branch;
			};
		};
/* End XCRemoteSwiftPackageReference section */

/* Begin XCSwiftPackageProductDependency section */
		4BFF750628156A7400C8D8F3 /* SnapKit */ = {
			isa = XCSwiftPackageProductDependency;
			package = 4BFF750528156A7400C8D8F3 /* XCRemoteSwiftPackageReference "SnapKit" */;
			productName = SnapKit;
		};
/* End XCSwiftPackageProductDependency section */
	};
	rootObject = 4BFF74E628156A3C00C8D8F3 /* Project object */;
}
