// !$*UTF8*$!
{
	archiveVersion = 1;
	classes = {
	};
	objectVersion = 55;
	objects = {

/* Begin PBXBuildFile section */
		4B3CFA6C281FEC0500F4A23F /* AppDelegate.swift in Sources */ = {isa = PBXBuildFile; fileRef = 4B3CFA6B281FEC0500F4A23F /* AppDelegate.swift */; };
		4B3CFA70281FEC0500F4A23F /* ViewController.swift in Sources */ = {isa = PBXBuildFile; fileRef = 4B3CFA6F281FEC0500F4A23F /* ViewController.swift */; };
		4B3CFA75281FEC0800F4A23F /* Assets.xcassets in Resources */ = {isa = PBXBuildFile; fileRef = 4B3CFA74281FEC0800F4A23F /* Assets.xcassets */; };
		4B3CFA78281FEC0800F4A23F /* LaunchScreen.storyboard in Resources */ = {isa = PBXBuildFile; fileRef = 4B3CFA76281FEC0800F4A23F /* LaunchScreen.storyboard */; };
		4B3CFA81281FEC2100F4A23F /* SnapKit in Frameworks */ = {isa = PBXBuildFile; productRef = 4B3CFA80281FEC2100F4A23F /* SnapKit */; };
		4B3CFA84281FEE2400F4A23F /* Montserrat-Regular.ttf in Resources */ = {isa = PBXBuildFile; fileRef = 4B3CFA83281FEE2400F4A23F /* Montserrat-Regular.ttf */; };
		4B3CFA86281FEE3B00F4A23F /* Montserrat-Medium.ttf in Resources */ = {isa = PBXBuildFile; fileRef = 4B3CFA85281FEE3B00F4A23F /* Montserrat-Medium.ttf */; };
		4B3CFA88281FFAE300F4A23F /* Montserrat-Bold.ttf in Resources */ = {isa = PBXBuildFile; fileRef = 4B3CFA87281FFAE300F4A23F /* Montserrat-Bold.ttf */; };
		4B3CFA8A2820190400F4A23F /* SettingTableViewCell.swift in Sources */ = {isa = PBXBuildFile; fileRef = 4B3CFA892820190400F4A23F /* SettingTableViewCell.swift */; };
		4B3CFA8C2820FD8400F4A23F /* MapViewController.swift in Sources */ = {isa = PBXBuildFile; fileRef = 4B3CFA8B2820FD8400F4A23F /* MapViewController.swift */; };
		4B3CFA8E2820FF4600F4A23F /* FirstView.swift in Sources */ = {isa = PBXBuildFile; fileRef = 4B3CFA8D2820FF4600F4A23F /* FirstView.swift */; };
		4B3CFA902820FF5300F4A23F /* SecondView.swift in Sources */ = {isa = PBXBuildFile; fileRef = 4B3CFA8F2820FF5300F4A23F /* SecondView.swift */; };
		4B3CFA922820FF5E00F4A23F /* ThirdView.swift in Sources */ = {isa = PBXBuildFile; fileRef = 4B3CFA912820FF5E00F4A23F /* ThirdView.swift */; };
		4B3CFA942821068E00F4A23F /* HistoryTableViewCell.swift in Sources */ = {isa = PBXBuildFile; fileRef = 4B3CFA932821068E00F4A23F /* HistoryTableViewCell.swift */; };
		4B3CFA96282114A400F4A23F /* Montserrat-SemiBold.ttf in Resources */ = {isa = PBXBuildFile; fileRef = 4B3CFA95282114A400F4A23F /* Montserrat-SemiBold.ttf */; };
/* End PBXBuildFile section */

/* Begin PBXFileReference section */
		4B3CFA68281FEC0500F4A23F /* TaxiApp.app */ = {isa = PBXFileReference; explicitFileType = wrapper.application; includeInIndex = 0; path = TaxiApp.app; sourceTree = BUILT_PRODUCTS_DIR; };
		4B3CFA6B281FEC0500F4A23F /* AppDelegate.swift */ = {isa = PBXFileReference; lastKnownFileType = sourcecode.swift; path = AppDelegate.swift; sourceTree = "<group>"; };
		4B3CFA6F281FEC0500F4A23F /* ViewController.swift */ = {isa = PBXFileReference; lastKnownFileType = sourcecode.swift; path = ViewController.swift; sourceTree = "<group>"; };
		4B3CFA74281FEC0800F4A23F /* Assets.xcassets */ = {isa = PBXFileReference; lastKnownFileType = folder.assetcatalog; path = Assets.xcassets; sourceTree = "<group>"; };
		4B3CFA77281FEC0800F4A23F /* Base */ = {isa = PBXFileReference; lastKnownFileType = file.storyboard; name = Base; path = Base.lproj/LaunchScreen.storyboard; sourceTree = "<group>"; };
		4B3CFA79281FEC0800F4A23F /* Info.plist */ = {isa = PBXFileReference; lastKnownFileType = text.plist.xml; path = Info.plist; sourceTree = "<group>"; };
		4B3CFA83281FEE2400F4A23F /* Montserrat-Regular.ttf */ = {isa = PBXFileReference; lastKnownFileType = file; path = "Montserrat-Regular.ttf"; sourceTree = "<group>"; };
		4B3CFA85281FEE3B00F4A23F /* Montserrat-Medium.ttf */ = {isa = PBXFileReference; lastKnownFileType = file; path = "Montserrat-Medium.ttf"; sourceTree = "<group>"; };
		4B3CFA87281FFAE300F4A23F /* Montserrat-Bold.ttf */ = {isa = PBXFileReference; lastKnownFileType = file; path = "Montserrat-Bold.ttf"; sourceTree = "<group>"; };
		4B3CFA892820190400F4A23F /* SettingTableViewCell.swift */ = {isa = PBXFileReference; lastKnownFileType = sourcecode.swift; path = SettingTableViewCell.swift; sourceTree = "<group>"; };
		4B3CFA8B2820FD8400F4A23F /* MapViewController.swift */ = {isa = PBXFileReference; lastKnownFileType = sourcecode.swift; path = MapViewController.swift; sourceTree = "<group>"; };
		4B3CFA8D2820FF4600F4A23F /* FirstView.swift */ = {isa = PBXFileReference; lastKnownFileType = sourcecode.swift; path = FirstView.swift; sourceTree = "<group>"; };
		4B3CFA8F2820FF5300F4A23F /* SecondView.swift */ = {isa = PBXFileReference; lastKnownFileType = sourcecode.swift; path = SecondView.swift; sourceTree = "<group>"; };
		4B3CFA912820FF5E00F4A23F /* ThirdView.swift */ = {isa = PBXFileReference; lastKnownFileType = sourcecode.swift; path = ThirdView.swift; sourceTree = "<group>"; };
		4B3CFA932821068E00F4A23F /* HistoryTableViewCell.swift */ = {isa = PBXFileReference; lastKnownFileType = sourcecode.swift; path = HistoryTableViewCell.swift; sourceTree = "<group>"; };
		4B3CFA95282114A400F4A23F /* Montserrat-SemiBold.ttf */ = {isa = PBXFileReference; lastKnownFileType = file; path = "Montserrat-SemiBold.ttf"; sourceTree = "<group>"; };
/* End PBXFileReference section */

/* Begin PBXFrameworksBuildPhase section */
		4B3CFA65281FEC0500F4A23F /* Frameworks */ = {
			isa = PBXFrameworksBuildPhase;
			buildActionMask = 2147483647;
			files = (
				4B3CFA81281FEC2100F4A23F /* SnapKit in Frameworks */,
			);
			runOnlyForDeploymentPostprocessing = 0;
		};
/* End PBXFrameworksBuildPhase section */

/* Begin PBXGroup section */
		4B3CFA5F281FEC0500F4A23F = {
			isa = PBXGroup;
			children = (
				4B3CFA82281FEDFC00F4A23F /* fonts */,
				4B3CFA6A281FEC0500F4A23F /* TaxiApp */,
				4B3CFA69281FEC0500F4A23F /* Products */,
			);
			sourceTree = "<group>";
		};
		4B3CFA69281FEC0500F4A23F /* Products */ = {
			isa = PBXGroup;
			children = (
				4B3CFA68281FEC0500F4A23F /* TaxiApp.app */,
			);
			name = Products;
			sourceTree = "<group>";
		};
		4B3CFA6A281FEC0500F4A23F /* TaxiApp */ = {
			isa = PBXGroup;
			children = (
				4B3CFA6B281FEC0500F4A23F /* AppDelegate.swift */,
				4B3CFA6F281FEC0500F4A23F /* ViewController.swift */,
				4B3CFA74281FEC0800F4A23F /* Assets.xcassets */,
				4B3CFA76281FEC0800F4A23F /* LaunchScreen.storyboard */,
				4B3CFA79281FEC0800F4A23F /* Info.plist */,
				4B3CFA892820190400F4A23F /* SettingTableViewCell.swift */,
				4B3CFA8B2820FD8400F4A23F /* MapViewController.swift */,
				4B3CFA8D2820FF4600F4A23F /* FirstView.swift */,
				4B3CFA8F2820FF5300F4A23F /* SecondView.swift */,
				4B3CFA912820FF5E00F4A23F /* ThirdView.swift */,
				4B3CFA932821068E00F4A23F /* HistoryTableViewCell.swift */,
			);
			path = TaxiApp;
			sourceTree = "<group>";
		};
		4B3CFA82281FEDFC00F4A23F /* fonts */ = {
			isa = PBXGroup;
			children = (
				4B3CFA95282114A400F4A23F /* Montserrat-SemiBold.ttf */,
				4B3CFA87281FFAE300F4A23F /* Montserrat-Bold.ttf */,
				4B3CFA85281FEE3B00F4A23F /* Montserrat-Medium.ttf */,
				4B3CFA83281FEE2400F4A23F /* Montserrat-Regular.ttf */,
			);
			path = fonts;
			sourceTree = "<group>";
		};
/* End PBXGroup section */

/* Begin PBXNativeTarget section */
		4B3CFA67281FEC0500F4A23F /* TaxiApp */ = {
			isa = PBXNativeTarget;
			buildConfigurationList = 4B3CFA7C281FEC0800F4A23F /* Build configuration list for PBXNativeTarget "TaxiApp" */;
			buildPhases = (
				4B3CFA64281FEC0500F4A23F /* Sources */,
				4B3CFA65281FEC0500F4A23F /* Frameworks */,
				4B3CFA66281FEC0500F4A23F /* Resources */,
			);
			buildRules = (
			);
			dependencies = (
			);
			name = TaxiApp;
			packageProductDependencies = (
				4B3CFA80281FEC2100F4A23F /* SnapKit */,
			);
			productName = TaxiApp;
			productReference = 4B3CFA68281FEC0500F4A23F /* TaxiApp.app */;
			productType = "com.apple.product-type.application";
		};
/* End PBXNativeTarget section */

/* Begin PBXProject section */
		4B3CFA60281FEC0500F4A23F /* Project object */ = {
			isa = PBXProject;
			attributes = {
				BuildIndependentTargetsInParallel = 1;
				LastSwiftUpdateCheck = 1330;
				LastUpgradeCheck = 1330;
				TargetAttributes = {
					4B3CFA67281FEC0500F4A23F = {
						CreatedOnToolsVersion = 13.3;
					};
				};
			};
			buildConfigurationList = 4B3CFA63281FEC0500F4A23F /* Build configuration list for PBXProject "TaxiApp" */;
			compatibilityVersion = "Xcode 13.0";
			developmentRegion = en;
			hasScannedForEncodings = 0;
			knownRegions = (
				en,
				Base,
			);
			mainGroup = 4B3CFA5F281FEC0500F4A23F;
			packageReferences = (
				4B3CFA7F281FEC2100F4A23F /* XCRemoteSwiftPackageReference "SnapKit" */,
			);
			productRefGroup = 4B3CFA69281FEC0500F4A23F /* Products */;
			projectDirPath = "";
			projectRoot = "";
			targets = (
				4B3CFA67281FEC0500F4A23F /* TaxiApp */,
			);
		};
/* End PBXProject section */

/* Begin PBXResourcesBuildPhase section */
		4B3CFA66281FEC0500F4A23F /* Resources */ = {
			isa = PBXResourcesBuildPhase;
			buildActionMask = 2147483647;
			files = (
				4B3CFA96282114A400F4A23F /* Montserrat-SemiBold.ttf in Resources */,
				4B3CFA88281FFAE300F4A23F /* Montserrat-Bold.ttf in Resources */,
				4B3CFA84281FEE2400F4A23F /* Montserrat-Regular.ttf in Resources */,
				4B3CFA78281FEC0800F4A23F /* LaunchScreen.storyboard in Resources */,
				4B3CFA86281FEE3B00F4A23F /* Montserrat-Medium.ttf in Resources */,
				4B3CFA75281FEC0800F4A23F /* Assets.xcassets in Resources */,
			);
			runOnlyForDeploymentPostprocessing = 0;
		};
/* End PBXResourcesBuildPhase section */

/* Begin PBXSourcesBuildPhase section */
		4B3CFA64281FEC0500F4A23F /* Sources */ = {
			isa = PBXSourcesBuildPhase;
			buildActionMask = 2147483647;
			files = (
				4B3CFA922820FF5E00F4A23F /* ThirdView.swift in Sources */,
				4B3CFA902820FF5300F4A23F /* SecondView.swift in Sources */,
				4B3CFA942821068E00F4A23F /* HistoryTableViewCell.swift in Sources */,
				4B3CFA8A2820190400F4A23F /* SettingTableViewCell.swift in Sources */,
				4B3CFA8E2820FF4600F4A23F /* FirstView.swift in Sources */,
				4B3CFA70281FEC0500F4A23F /* ViewController.swift in Sources */,
				4B3CFA6C281FEC0500F4A23F /* AppDelegate.swift in Sources */,
				4B3CFA8C2820FD8400F4A23F /* MapViewController.swift in Sources */,
			);
			runOnlyForDeploymentPostprocessing = 0;
		};
/* End PBXSourcesBuildPhase section */

/* Begin PBXVariantGroup section */
		4B3CFA76281FEC0800F4A23F /* LaunchScreen.storyboard */ = {
			isa = PBXVariantGroup;
			children = (
				4B3CFA77281FEC0800F4A23F /* Base */,
			);
			name = LaunchScreen.storyboard;
			sourceTree = "<group>";
		};
/* End PBXVariantGroup section */

/* Begin XCBuildConfiguration section */
		4B3CFA7A281FEC0800F4A23F /* Debug */ = {
			isa = XCBuildConfiguration;
			buildSettings = {
				ALWAYS_SEARCH_USER_PATHS = NO;
				CLANG_ANALYZER_NONNULL = YES;
				CLANG_ANALYZER_NUMBER_OBJECT_CONVERSION = YES_AGGRESSIVE;
				CLANG_CXX_LANGUAGE_STANDARD = "gnu++17";
				CLANG_ENABLE_MODULES = YES;
				CLANG_ENABLE_OBJC_ARC = YES;
				CLANG_ENABLE_OBJC_WEAK = YES;
				CLANG_WARN_BLOCK_CAPTURE_AUTORELEASING = YES;
				CLANG_WARN_BOOL_CONVERSION = YES;
				CLANG_WARN_COMMA = YES;
				CLANG_WARN_CONSTANT_CONVERSION = YES;
				CLANG_WARN_DEPRECATED_OBJC_IMPLEMENTATIONS = YES;
				CLANG_WARN_DIRECT_OBJC_ISA_USAGE = YES_ERROR;
				CLANG_WARN_DOCUMENTATION_COMMENTS = YES;
				CLANG_WARN_EMPTY_BODY = YES;
				CLANG_WARN_ENUM_CONVERSION = YES;
				CLANG_WARN_INFINITE_RECURSION = YES;
				CLANG_WARN_INT_CONVERSION = YES;
				CLANG_WARN_NON_LITERAL_NULL_CONVERSION = YES;
				CLANG_WARN_OBJC_IMPLICIT_RETAIN_SELF = YES;
				CLANG_WARN_OBJC_LITERAL_CONVERSION = YES;
				CLANG_WARN_OBJC_ROOT_CLASS = YES_ERROR;
				CLANG_WARN_QUOTED_INCLUDE_IN_FRAMEWORK_HEADER = YES;
				CLANG_WARN_RANGE_LOOP_ANALYSIS = YES;
				CLANG_WARN_STRICT_PROTOTYPES = YES;
				CLANG_WARN_SUSPICIOUS_MOVE = YES;
				CLANG_WARN_UNGUARDED_AVAILABILITY = YES_AGGRESSIVE;
				CLANG_WARN_UNREACHABLE_CODE = YES;
				CLANG_WARN__DUPLICATE_METHOD_MATCH = YES;
				COPY_PHASE_STRIP = NO;
				DEBUG_INFORMATION_FORMAT = dwarf;
				ENABLE_STRICT_OBJC_MSGSEND = YES;
				ENABLE_TESTABILITY = YES;
				GCC_C_LANGUAGE_STANDARD = gnu11;
				GCC_DYNAMIC_NO_PIC = NO;
				GCC_NO_COMMON_BLOCKS = YES;
				GCC_OPTIMIZATION_LEVEL = 0;
				GCC_PREPROCESSOR_DEFINITIONS = (
					"DEBUG=1",
					"$(inherited)",
				);
				GCC_WARN_64_TO_32_BIT_CONVERSION = YES;
				GCC_WARN_ABOUT_RETURN_TYPE = YES_ERROR;
				GCC_WARN_UNDECLARED_SELECTOR = YES;
				GCC_WARN_UNINITIALIZED_AUTOS = YES_AGGRESSIVE;
				GCC_WARN_UNUSED_FUNCTION = YES;
				GCC_WARN_UNUSED_VARIABLE = YES;
				IPHONEOS_DEPLOYMENT_TARGET = 15.4;
				MTL_ENABLE_DEBUG_INFO = INCLUDE_SOURCE;
				MTL_FAST_MATH = YES;
				ONLY_ACTIVE_ARCH = YES;
				SDKROOT = iphoneos;
				SWIFT_ACTIVE_COMPILATION_CONDITIONS = DEBUG;
				SWIFT_OPTIMIZATION_LEVEL = "-Onone";
			};
			name = Debug;
		};
		4B3CFA7B281FEC0800F4A23F /* Release */ = {
			isa = XCBuildConfiguration;
			buildSettings = {
				ALWAYS_SEARCH_USER_PATHS = NO;
				CLANG_ANALYZER_NONNULL = YES;
				CLANG_ANALYZER_NUMBER_OBJECT_CONVERSION = YES_AGGRESSIVE;
				CLANG_CXX_LANGUAGE_STANDARD = "gnu++17";
				CLANG_ENABLE_MODULES = YES;
				CLANG_ENABLE_OBJC_ARC = YES;
				CLANG_ENABLE_OBJC_WEAK = YES;
				CLANG_WARN_BLOCK_CAPTURE_AUTORELEASING = YES;
				CLANG_WARN_BOOL_CONVERSION = YES;
				CLANG_WARN_COMMA = YES;
				CLANG_WARN_CONSTANT_CONVERSION = YES;
				CLANG_WARN_DEPRECATED_OBJC_IMPLEMENTATIONS = YES;
				CLANG_WARN_DIRECT_OBJC_ISA_USAGE = YES_ERROR;
				CLANG_WARN_DOCUMENTATION_COMMENTS = YES;
				CLANG_WARN_EMPTY_BODY = YES;
				CLANG_WARN_ENUM_CONVERSION = YES;
				CLANG_WARN_INFINITE_RECURSION = YES;
				CLANG_WARN_INT_CONVERSION = YES;
				CLANG_WARN_NON_LITERAL_NULL_CONVERSION = YES;
				CLANG_WARN_OBJC_IMPLICIT_RETAIN_SELF = YES;
				CLANG_WARN_OBJC_LITERAL_CONVERSION = YES;
				CLANG_WARN_OBJC_ROOT_CLASS = YES_ERROR;
				CLANG_WARN_QUOTED_INCLUDE_IN_FRAMEWORK_HEADER = YES;
				CLANG_WARN_RANGE_LOOP_ANALYSIS = YES;
				CLANG_WARN_STRICT_PROTOTYPES = YES;
				CLANG_WARN_SUSPICIOUS_MOVE = YES;
				CLANG_WARN_UNGUARDED_AVAILABILITY = YES_AGGRESSIVE;
				CLANG_WARN_UNREACHABLE_CODE = YES;
				CLANG_WARN__DUPLICATE_METHOD_MATCH = YES;
				COPY_PHASE_STRIP = NO;
				DEBUG_INFORMATION_FORMAT = "dwarf-with-dsym";
				ENABLE_NS_ASSERTIONS = NO;
				ENABLE_STRICT_OBJC_MSGSEND = YES;
				GCC_C_LANGUAGE_STANDARD = gnu11;
				GCC_NO_COMMON_BLOCKS = YES;
				GCC_WARN_64_TO_32_BIT_CONVERSION = YES;
				GCC_WARN_ABOUT_RETURN_TYPE = YES_ERROR;
				GCC_WARN_UNDECLARED_SELECTOR = YES;
				GCC_WARN_UNINITIALIZED_AUTOS = YES_AGGRESSIVE;
				GCC_WARN_UNUSED_FUNCTION = YES;
				GCC_WARN_UNUSED_VARIABLE = YES;
				IPHONEOS_DEPLOYMENT_TARGET = 15.4;
				MTL_ENABLE_DEBUG_INFO = NO;
				MTL_FAST_MATH = YES;
				SDKROOT = iphoneos;
				SWIFT_COMPILATION_MODE = wholemodule;
				SWIFT_OPTIMIZATION_LEVEL = "-O";
				VALIDATE_PRODUCT = YES;
			};
			name = Release;
		};
		4B3CFA7D281FEC0800F4A23F /* Debug */ = {
			isa = XCBuildConfiguration;
			buildSettings = {
				ASSETCATALOG_COMPILER_APPICON_NAME = AppIcon;
				ASSETCATALOG_COMPILER_GLOBAL_ACCENT_COLOR_NAME = AccentColor;
				CODE_SIGN_STYLE = Automatic;
				CURRENT_PROJECT_VERSION = 1;
				DEVELOPMENT_TEAM = XKVWQB6CWU;
				GENERATE_INFOPLIST_FILE = YES;
				INFOPLIST_FILE = TaxiApp/Info.plist;
				INFOPLIST_KEY_UIApplicationSupportsIndirectInputEvents = YES;
				INFOPLIST_KEY_UILaunchStoryboardName = LaunchScreen;
				INFOPLIST_KEY_UISupportedInterfaceOrientations = UIInterfaceOrientationPortrait;
				INFOPLIST_KEY_UISupportedInterfaceOrientations_iPad = "UIInterfaceOrientationPortrait UIInterfaceOrientationPortraitUpsideDown UIInterfaceOrientationLandscapeLeft UIInterfaceOrientationLandscapeRight";
				INFOPLIST_KEY_UISupportedInterfaceOrientations_iPhone = "UIInterfaceOrientationPortrait UIInterfaceOrientationLandscapeLeft UIInterfaceOrientationLandscapeRight";
				LD_RUNPATH_SEARCH_PATHS = (
					"$(inherited)",
					"@executable_path/Frameworks",
				);
				MARKETING_VERSION = 1.0;
				PRODUCT_BUNDLE_IDENTIFIER = com.ismayilismayilov.TaxiApp;
				PRODUCT_NAME = "$(TARGET_NAME)";
				SWIFT_EMIT_LOC_STRINGS = YES;
				SWIFT_VERSION = 5.0;
				TARGETED_DEVICE_FAMILY = 1;
			};
			name = Debug;
		};
		4B3CFA7E281FEC0800F4A23F /* Release */ = {
			isa = XCBuildConfiguration;
			buildSettings = {
				ASSETCATALOG_COMPILER_APPICON_NAME = AppIcon;
				ASSETCATALOG_COMPILER_GLOBAL_ACCENT_COLOR_NAME = AccentColor;
				CODE_SIGN_STYLE = Automatic;
				CURRENT_PROJECT_VERSION = 1;
				DEVELOPMENT_TEAM = XKVWQB6CWU;
				GENERATE_INFOPLIST_FILE = YES;
				INFOPLIST_FILE = TaxiApp/Info.plist;
				INFOPLIST_KEY_UIApplicationSupportsIndirectInputEvents = YES;
				INFOPLIST_KEY_UILaunchStoryboardName = LaunchScreen;
				INFOPLIST_KEY_UISupportedInterfaceOrientations = UIInterfaceOrientationPortrait;
				INFOPLIST_KEY_UISupportedInterfaceOrientations_iPad = "UIInterfaceOrientationPortrait UIInterfaceOrientationPortraitUpsideDown UIInterfaceOrientationLandscapeLeft UIInterfaceOrientationLandscapeRight";
				INFOPLIST_KEY_UISupportedInterfaceOrientations_iPhone = "UIInterfaceOrientationPortrait UIInterfaceOrientationLandscapeLeft UIInterfaceOrientationLandscapeRight";
				LD_RUNPATH_SEARCH_PATHS = (
					"$(inherited)",
					"@executable_path/Frameworks",
				);
				MARKETING_VERSION = 1.0;
				PRODUCT_BUNDLE_IDENTIFIER = com.ismayilismayilov.TaxiApp;
				PRODUCT_NAME = "$(TARGET_NAME)";
				SWIFT_EMIT_LOC_STRINGS = YES;
				SWIFT_VERSION = 5.0;
				TARGETED_DEVICE_FAMILY = 1;
			};
			name = Release;
		};
/* End XCBuildConfiguration section */

/* Begin XCConfigurationList section */
		4B3CFA63281FEC0500F4A23F /* Build configuration list for PBXProject "TaxiApp" */ = {
			isa = XCConfigurationList;
			buildConfigurations = (
				4B3CFA7A281FEC0800F4A23F /* Debug */,
				4B3CFA7B281FEC0800F4A23F /* Release */,
			);
			defaultConfigurationIsVisible = 0;
			defaultConfigurationName = Release;
		};
		4B3CFA7C281FEC0800F4A23F /* Build configuration list for PBXNativeTarget "TaxiApp" */ = {
			isa = XCConfigurationList;
			buildConfigurations = (
				4B3CFA7D281FEC0800F4A23F /* Debug */,
				4B3CFA7E281FEC0800F4A23F /* Release */,
			);
			defaultConfigurationIsVisible = 0;
			defaultConfigurationName = Release;
		};
/* End XCConfigurationList section */

/* Begin XCRemoteSwiftPackageReference section */
		4B3CFA7F281FEC2100F4A23F /* XCRemoteSwiftPackageReference "SnapKit" */ = {
			isa = XCRemoteSwiftPackageReference;
			repositoryURL = "https://github.com/SnapKit/SnapKit.git";
			requirement = {
				kind = upToNextMajorVersion;
				minimumVersion = 5.0.0;
			};
		};
/* End XCRemoteSwiftPackageReference section */

/* Begin XCSwiftPackageProductDependency section */
		4B3CFA80281FEC2100F4A23F /* SnapKit */ = {
			isa = XCSwiftPackageProductDependency;
			package = 4B3CFA7F281FEC2100F4A23F /* XCRemoteSwiftPackageReference "SnapKit" */;
			productName = SnapKit;
		};
/* End XCSwiftPackageProductDependency section */
	};
	rootObject = 4B3CFA60281FEC0500F4A23F /* Project object */;
}
